
Microsoft Visual Studio Solution File, Format Version 12.00
# Visual Studio 2012
Project("{FAE04EC0-301F-11D3-BF4B-00C04F79EFBC}") = "TestConsole", "TestConsole\TestConsole.csproj", "{5F986AB5-6E5A-4E60-AF3F-C407AB1586FF}"
EndProject
Global
	GlobalSection(SolutionConfigurationPlatforms) = preSolution
		Debug|Any CPU = Debug|Any CPU
		Release|Any CPU = Release|Any CPU
	EndGlobalSection
	GlobalSection(ProjectConfigurationPlatforms) = postSolution
		{5F986AB5-6E5A-4E60-AF3F-C407AB1586FF}.Debug|Any CPU.ActiveCfg = Debug|Any CPU
		{5F986AB5-6E5A-4E60-AF3F-C407AB1586FF}.Debug|Any CPU.Build.0 = Debug|Any CPU
		{5F986AB5-6E5A-4E60-AF3F-C407AB1586FF}.Release|Any CPU.ActiveCfg = Release|Any CPU
		{5F986AB5-6E5A-4E60-AF3F-C407AB1586FF}.Release|Any CPU.Build.0 = Release|Any CPU
	EndGlobalSection
	GlobalSection(SolutionProperties) = preSolution
		HideSolutionNode = FALSE
	EndGlobalSection
	GlobalSection(Performance) = preSolution
		HasPerformanceSessions = true
	EndGlobalSection
EndGlobal
